
Microsoft Visual Studio Solution File, Format Version 12.00
# Visual Studio 15
VisualStudioVersion = 15.0.27703.1
MinimumVisualStudioVersion = 10.0.40219.1
Project("{FAE04EC0-301F-11D3-BF4B-00C04F79EFBC}") = "TabelaIRPF", "TabelaIRPF\TabelaIRPF.csproj", "{F8CE6F99-B55B-426E-9E16-54F2841DD538}"
EndProject
Global
	GlobalSection(SolutionConfigurationPlatforms) = preSolution
		Debug|Any CPU = Debug|Any CPU
		Release|Any CPU = Release|Any CPU
	EndGlobalSection
	GlobalSection(ProjectConfigurationPlatforms) = postSolution
		{F8CE6F99-B55B-426E-9E16-54F2841DD538}.Debug|Any CPU.ActiveCfg = Debug|Any CPU
		{F8CE6F99-B55B-426E-9E16-54F2841DD538}.Debug|Any CPU.Build.0 = Debug|Any CPU
		{F8CE6F99-B55B-426E-9E16-54F2841DD538}.Release|Any CPU.ActiveCfg = Release|Any CPU
		{F8CE6F99-B55B-426E-9E16-54F2841DD538}.Release|Any CPU.Build.0 = Release|Any CPU
	EndGlobalSection
	GlobalSection(SolutionProperties) = preSolution
		HideSolutionNode = FALSE
	EndGlobalSection
	GlobalSection(ExtensibilityGlobals) = postSolution
		SolutionGuid = {D7634D53-D28A-4EBF-A2B9-DE85632BD1B4}
	EndGlobalSection
EndGlobal
